{
  "name": "js_tutorial",
  "lockfileVersion": 3,
  "requires": true,
  "packages": {
    "": {
      "dependencies": {
        "atsushikk-palindrome": "^0.1.0"
      }
    },
    "node_modules/atsushikk-palindrome": {
      "version": "0.1.0",
      "resolved": "https://registry.npmjs.org/atsushikk-palindrome/-/atsushikk-palindrome-0.1.0.tgz",
      "integrity": "sha512-OcEby1oITQv9PwECFeEkIDXfPBVOb5xhYnLMb4MS9CB8Dojn2vcNhK4sDFdjMvde3IPRN6+P4FzAlgGUzTqj+A==",
      "license": "ISC"
    }
  }
}
